
Microsoft Visual Studio Solution File, Format Version 12.00
# Visual Studio 2015
Project("{FAE04EC0-301F-11D3-BF4B-00C04F79EFBC}") = "Mini game gam", "Mini game gam.csproj", "{2B10B77D-25EB-7D71-AD9B-521F2AB3FAAE}"
EndProject
Global
	GlobalSection(SolutionConfigurationPlatforms) = preSolution
		Debug|Any CPU = Debug|Any CPU
		Release|Any CPU = Release|Any CPU
	EndGlobalSection
	GlobalSection(ProjectConfigurationPlatforms) = postSolution
		{2B10B77D-25EB-7D71-AD9B-521F2AB3FAAE}.Debug|Any CPU.ActiveCfg = Debug|Any CPU
		{2B10B77D-25EB-7D71-AD9B-521F2AB3FAAE}.Debug|Any CPU.Build.0 = Debug|Any CPU
		{2B10B77D-25EB-7D71-AD9B-521F2AB3FAAE}.Release|Any CPU.ActiveCfg = Release|Any CPU
		{2B10B77D-25EB-7D71-AD9B-521F2AB3FAAE}.Release|Any CPU.Build.0 = Release|Any CPU
	EndGlobalSection
	GlobalSection(SolutionProperties) = preSolution
		HideSolutionNode = FALSE
	EndGlobalSection
EndGlobal
